
Microsoft Visual Studio Solution File, Format Version 12.00
# Visual Studio Version 16
VisualStudioVersion = 16.0.30804.86
MinimumVisualStudioVersion = 10.0.40219.1
Project("{9A19103F-16F7-4668-BE54-9A1E7A4F7556}") = "Domain", "Domain\Domain.csproj", "{7CD66F35-A86C-4D10-8B24-88978D3085D4}"
EndProject
Project("{9A19103F-16F7-4668-BE54-9A1E7A4F7556}") = "Application", "Application\Application.csproj", "{33E70B0B-2F92-4DFD-A35E-8D1B514182F1}"
EndProject
Project("{9A19103F-16F7-4668-BE54-9A1E7A4F7556}") = "Service.lC", "Service.lC\Service.lC.csproj", "{B0A588F2-EB27-4162-9F3E-140F60EA0B5B}"
EndProject
Project("{9A19103F-16F7-4668-BE54-9A1E7A4F7556}") = "Fpa.Reception", "Fpa.Reception\Fpa.Reception.csproj", "{48523490-4E3E-4B91-8275-0A6A59D98793}"
EndProject
Global
	GlobalSection(SolutionConfigurationPlatforms) = preSolution
		Debug|Any CPU = Debug|Any CPU
		Release|Any CPU = Release|Any CPU
	EndGlobalSection
	GlobalSection(ProjectConfigurationPlatforms) = postSolution
		{7CD66F35-A86C-4D10-8B24-88978D3085D4}.Debug|Any CPU.ActiveCfg = Debug|Any CPU
		{7CD66F35-A86C-4D10-8B24-88978D3085D4}.Debug|Any CPU.Build.0 = Debug|Any CPU
		{7CD66F35-A86C-4D10-8B24-88978D3085D4}.Release|Any CPU.ActiveCfg = Release|Any CPU
		{7CD66F35-A86C-4D10-8B24-88978D3085D4}.Release|Any CPU.Build.0 = Release|Any CPU
		{33E70B0B-2F92-4DFD-A35E-8D1B514182F1}.Debug|Any CPU.ActiveCfg = Debug|Any CPU
		{33E70B0B-2F92-4DFD-A35E-8D1B514182F1}.Debug|Any CPU.Build.0 = Debug|Any CPU
		{33E70B0B-2F92-4DFD-A35E-8D1B514182F1}.Release|Any CPU.ActiveCfg = Release|Any CPU
		{33E70B0B-2F92-4DFD-A35E-8D1B514182F1}.Release|Any CPU.Build.0 = Release|Any CPU
		{B0A588F2-EB27-4162-9F3E-140F60EA0B5B}.Debug|Any CPU.ActiveCfg = Debug|Any CPU
		{B0A588F2-EB27-4162-9F3E-140F60EA0B5B}.Debug|Any CPU.Build.0 = Debug|Any CPU
		{B0A588F2-EB27-4162-9F3E-140F60EA0B5B}.Release|Any CPU.ActiveCfg = Release|Any CPU
		{B0A588F2-EB27-4162-9F3E-140F60EA0B5B}.Release|Any CPU.Build.0 = Release|Any CPU
		{48523490-4E3E-4B91-8275-0A6A59D98793}.Debug|Any CPU.ActiveCfg = Debug|Any CPU
		{48523490-4E3E-4B91-8275-0A6A59D98793}.Debug|Any CPU.Build.0 = Debug|Any CPU
		{48523490-4E3E-4B91-8275-0A6A59D98793}.Release|Any CPU.ActiveCfg = Release|Any CPU
		{48523490-4E3E-4B91-8275-0A6A59D98793}.Release|Any CPU.Build.0 = Release|Any CPU
	EndGlobalSection
	GlobalSection(SolutionProperties) = preSolution
		HideSolutionNode = FALSE
	EndGlobalSection
	GlobalSection(ExtensibilityGlobals) = postSolution
		SolutionGuid = {FDBC823F-2912-4840-A881-34F7A96BB5E7}
	EndGlobalSection
EndGlobal
